
Microsoft Visual Studio Solution File, Format Version 12.00
# Visual Studio Version 17
VisualStudioVersion = 17.0.31903.59
MinimumVisualStudioVersion = 10.0.40219.1
Project("{FAE04EC0-301F-11D3-BF4B-00C04F79EFBC}") = "Inventory.API", "Inventory.API\Inventory.API.csproj", "{DA50982D-EC58-4552-A187-1DE8D8A7323F}"
EndProject
Global
	GlobalSection(SolutionConfigurationPlatforms) = preSolution
		Debug|Any CPU = Debug|Any CPU
		Release|Any CPU = Release|Any CPU
	EndGlobalSection
	GlobalSection(SolutionProperties) = preSolution
		HideSolutionNode = FALSE
	EndGlobalSection
	GlobalSection(ProjectConfigurationPlatforms) = postSolution
		{DA50982D-EC58-4552-A187-1DE8D8A7323F}.Debug|Any CPU.ActiveCfg = Debug|Any CPU
		{DA50982D-EC58-4552-A187-1DE8D8A7323F}.Debug|Any CPU.Build.0 = Debug|Any CPU
		{DA50982D-EC58-4552-A187-1DE8D8A7323F}.Release|Any CPU.ActiveCfg = Release|Any CPU
		{DA50982D-EC58-4552-A187-1DE8D8A7323F}.Release|Any CPU.Build.0 = Release|Any CPU
	EndGlobalSection
EndGlobal
